<?xml version="1.0" encoding="utf-8"?>
<Project ToolsVersion="4.0" xmlns="http://schemas.microsoft.com/developer/msbuild/2003">
  <ItemGroup>
    <Filter Include="Source Files">
      <UniqueIdentifier>{4FC737F1-C7A5-4376-A066-2A32D752A2FF}</UniqueIdentifier>
      <Extensions>cpp;c;cc;cxx;def;odl;idl;hpj;bat;asm;asmx</Extensions>
    </Filter>
    <Filter Include="Header Files">
      <UniqueIdentifier>{93995380-89BD-4b04-88EB-625FBE52EBFB}</UniqueIdentifier>
      <Extensions>h;hh;hpp;hxx;hm;inl;inc;ipp;xsd</Extensions>
    </Filter>
    <Filter Include="Header Files\Engine">
      <UniqueIdentifier>{5a940993-680e-4bca-9ffd-a9e2a03f62f2}</UniqueIdentifier>
    </Filter>
    <Filter Include="Source Files\Engine">
      <UniqueIdentifier>{308b0d60-a8ca-4c5a-9ea6-cc7eb115aec5}</UniqueIdentifier>
    </Filter>
    <Filter Include="Header Files\Engine\Managers">
      <UniqueIdentifier>{717d82a3-01b3-4f1f-adf6-ff683ca8c552}</UniqueIdentifier>
    </Filter>
    <Filter Include="Header Files\Engine\Entities">
      <UniqueIdentifier>{f908e0f2-552e-4034-a704-e9fe127c23d4}</UniqueIdentifier>
    </Filter>
    <Filter Include="Source Files\Engine\Managers">
      <UniqueIdentifier>{5af156c1-fa11-4913-ba38-1e099c60b694}</UniqueIdentifier>
    </Filter>
    <Filter Include="Source Files\Engine\Entities">
      <UniqueIdentifier>{934b3272-eb6d-45ed-b339-cda4bf37985c}</UniqueIdentifier>
    </Filter>
    <Filter Include="Header Files\Game">
      <UniqueIdentifier>{be851948-60ff-4bef-b4b9-2bcc08d9087d}</UniqueIdentifier>
    </Filter>
    <Filter Include="Source Files\Game">
      <UniqueIdentifier>{69d5d938-1f4c-4429-831d-6055e73ee95e}</UniqueIdentifier>
    </Filter>
    <Filter Include="Source Files\Game\Weapons">
      <UniqueIdentifier>{31423401-a35f-41a2-b955-fdef060628f3}</UniqueIdentifier>
    </Filter>
    <Filter Include="Header Files\Game\Weapons">
      <UniqueIdentifier>{4e864399-12be-46f6-999e-43b9df846053}</UniqueIdentifier>
    </Filter>
    <Filter Include="Header Files\Game\Level">
      <UniqueIdentifier>{c8a9419b-da4e-44a7-b939-45b98060f52a}</UniqueIdentifier>
    </Filter>
    <Filter Include="Source Files\Game\Level">
      <UniqueIdentifier>{4ce4342a-acd1-4482-a7bb-b25eb87a1859}</UniqueIdentifier>
    </Filter>
    <Filter Include="Source Files\Game\Actors">
      <UniqueIdentifier>{5df050a1-5811-4ade-b93b-c38858f6dbcd}</UniqueIdentifier>
    </Filter>
    <Filter Include="Header Files\Game\Actors">
      <UniqueIdentifier>{f79d53d2-81a8-4e84-8fd4-af258b3864c9}</UniqueIdentifier>
    </Filter>
    <Filter Include="Source Files\Game\Screens">
      <UniqueIdentifier>{0c7a6ad3-4bfb-4b18-abb3-7e537a4505aa}</UniqueIdentifier>
    </Filter>
    <Filter Include="Header Files\Game\Screens">
      <UniqueIdentifier>{7ba1162b-de6d-43b8-92d3-18bfaf3dac7f}</UniqueIdentifier>
    </Filter>
    <Filter Include="Header Files\Game\Attacks">
      <UniqueIdentifier>{2f0017cd-894d-4c88-b0d9-b491e3da422b}</UniqueIdentifier>
    </Filter>
    <Filter Include="Source Files\Game\Attacks">
      <UniqueIdentifier>{82fd3d6b-a4f3-4cb0-9d4b-c7c09bbe7b6a}</UniqueIdentifier>
    </Filter>
    <Filter Include="Source Files\Physics">
      <UniqueIdentifier>{93b5ba41-ce47-487f-9f83-c0f8144e3dae}</UniqueIdentifier>
    </Filter>
    <Filter Include="Header Files\Physics">
      <UniqueIdentifier>{78df99a7-0ffb-4392-8aec-a0eab789e385}</UniqueIdentifier>
    </Filter>
    <Filter Include="Header Files\Game\Level\Stages">
      <UniqueIdentifier>{a6bd621c-79e9-49ef-bd16-b3ccd56d5e6a}</UniqueIdentifier>
    </Filter>
    <Filter Include="Source Files\Game\Level\Stages">
      <UniqueIdentifier>{c546a3ae-84d4-4280-98d3-9c311191726a}</UniqueIdentifier>
    </Filter>
    <Filter Include="Source Files\Game\Actors\Bosses">
      <UniqueIdentifier>{6c70bfcd-2385-41a4-991d-5f6d1ebf5931}</UniqueIdentifier>
    </Filter>
    <Filter Include="Header Files\Game\Actors\Bosses">
      <UniqueIdentifier>{36e9991a-dbce-4247-8410-073a1d269f3d}</UniqueIdentifier>
    </Filter>
    <Filter Include="Source Files\Game\Projectiles">
      <UniqueIdentifier>{b4c30eb8-6dad-40d2-9430-214081accb3e}</UniqueIdentifier>
    </Filter>
    <Filter Include="Header Files\Game\Projectiles">
      <UniqueIdentifier>{9a354384-acfd-4c53-bfa8-79b3010a0f35}</UniqueIdentifier>
    </Filter>
    <Filter Include="Source Files\Game\Events">
      <UniqueIdentifier>{51ba947d-93ed-4c2e-8a74-0429bdfbc888}</UniqueIdentifier>
    </Filter>
    <Filter Include="Header Files\Game\Events">
      <UniqueIdentifier>{ce8dd7df-02cf-4ee5-9b17-65415e5638f0}</UniqueIdentifier>
    </Filter>
  </ItemGroup>
  <ItemGroup>
    <ClCompile Include="main.cpp">
      <Filter>Source Files</Filter>
    </ClCompile>
    <ClCompile Include="Timer.cpp">
      <Filter>Source Files\Engine</Filter>
    </ClCompile>
    <ClCompile Include="AnimatedTexture.cpp">
      <Filter>Source Files\Engine\Entities</Filter>
    </ClCompile>
    <ClCompile Include="AssetManager.cpp">
      <Filter>Source Files\Engine\Managers</Filter>
    </ClCompile>
    <ClCompile Include="AudioManager.cpp">
      <Filter>Source Files\Engine\Managers</Filter>
    </ClCompile>
    <ClCompile Include="GameEntity.cpp">
      <Filter>Source Files\Engine\Entities</Filter>
    </ClCompile>
    <ClCompile Include="GameManager.cpp">
      <Filter>Source Files\Engine\Managers</Filter>
    </ClCompile>
    <ClCompile Include="Graphics.cpp">
      <Filter>Source Files\Engine\Managers</Filter>
    </ClCompile>
    <ClCompile Include="InputManager.cpp">
      <Filter>Source Files\Engine\Managers</Filter>
    </ClCompile>
    <ClCompile Include="ScreenManager.cpp">
      <Filter>Source Files\Engine\Managers</Filter>
    </ClCompile>
    <ClCompile Include="Texture.cpp">
      <Filter>Source Files\Engine\Entities</Filter>
    </ClCompile>
    <ClCompile Include="Gun.cpp">
      <Filter>Source Files\Game\Weapons</Filter>
    </ClCompile>
    <ClCompile Include="Weapon.cpp">
      <Filter>Source Files\Game\Weapons</Filter>
    </ClCompile>
    <ClCompile Include="Background.cpp">
      <Filter>Source Files\Game\Level</Filter>
    </ClCompile>
    <ClCompile Include="Level.cpp">
      <Filter>Source Files\Game\Level</Filter>
    </ClCompile>
    <ClCompile Include="Player.cpp">
      <Filter>Source Files\Game\Actors</Filter>
    </ClCompile>
    <ClCompile Include="Foreground.cpp">
      <Filter>Source Files\Game\Level</Filter>
    </ClCompile>
    <ClCompile Include="PlayScreen.cpp">
      <Filter>Source Files\Game\Screens</Filter>
    </ClCompile>
    <ClCompile Include="StartScreen.cpp">
      <Filter>Source Files\Game\Screens</Filter>
    </ClCompile>
    <ClCompile Include="Interface.cpp">
      <Filter>Source Files\Game\Level</Filter>
    </ClCompile>
    <ClCompile Include="FireBall.cpp">
      <Filter>Source Files\Game\Attacks</Filter>
    </ClCompile>
    <ClCompile Include="Spell.cpp">
      <Filter>Source Files\Game\Attacks</Filter>
    </ClCompile>
    <ClCompile Include="Icicle.cpp">
      <Filter>Source Files\Game\Attacks</Filter>
    </ClCompile>
    <ClCompile Include="Minion.cpp">
      <Filter>Source Files\Game\Actors</Filter>
    </ClCompile>
    <ClCompile Include="MinionAttack.cpp">
      <Filter>Source Files\Game\Attacks</Filter>
    </ClCompile>
    <ClCompile Include="BoxCollider.cpp">
      <Filter>Source Files\Physics</Filter>
    </ClCompile>
    <ClCompile Include="CircleCollider.cpp">
      <Filter>Source Files\Physics</Filter>
    </ClCompile>
    <ClCompile Include="Collider.cpp">
      <Filter>Source Files\Physics</Filter>
    </ClCompile>
    <ClCompile Include="PhysEntity.cpp">
      <Filter>Source Files\Physics</Filter>
    </ClCompile>
    <ClCompile Include="PhysicsManager.cpp">
      <Filter>Source Files\Physics</Filter>
    </ClCompile>
    <ClCompile Include="Actor.cpp">
      <Filter>Source Files\Game\Actors</Filter>
    </ClCompile>
    <ClCompile Include="Map.cpp">
      <Filter>Source Files\Game\Level\Stages</Filter>
    </ClCompile>
    <ClCompile Include="Tile.cpp">
      <Filter>Source Files\Game\Level\Stages</Filter>
    </ClCompile>
    <ClCompile Include="Boss.cpp">
      <Filter>Source Files\Game\Actors\Bosses</Filter>
    </ClCompile>
    <ClCompile Include="TwinDragon.cpp">
      <Filter>Source Files\Game\Actors\Bosses</Filter>
    </ClCompile>
    <ClCompile Include="Demon.cpp">
      <Filter>Source Files\Game\Actors\Bosses</Filter>
    </ClCompile>
    <ClCompile Include="DemonStage.cpp">
      <Filter>Source Files\Game\Level\Stages</Filter>
    </ClCompile>
    <ClCompile Include="DragonStage.cpp">
      <Filter>Source Files\Game\Level\Stages</Filter>
    </ClCompile>
    <ClCompile Include="DragonBreath.cpp">
      <Filter>Source Files\Game\Attacks</Filter>
    </ClCompile>
    <ClCompile Include="SettingScreen.cpp">
      <Filter>Source Files\Game\Screens</Filter>
    </ClCompile>
    <ClCompile Include="Launcher.cpp">
      <Filter>Source Files\Game\Weapons</Filter>
    </ClCompile>
    <ClCompile Include="Projectile.cpp">
      <Filter>Source Files\Game\Projectiles</Filter>
    </ClCompile>
    <ClCompile Include="Grenade.cpp">
      <Filter>Source Files\Game\Projectiles</Filter>
    </ClCompile>
    <ClCompile Include="Bullet.cpp">
      <Filter>Source Files\Game\Projectiles</Filter>
    </ClCompile>
    <ClCompile Include="ProjectileManager.cpp">
      <Filter>Source Files\Game\Projectiles</Filter>
    </ClCompile>
    <ClCompile Include="Event.cpp">
      <Filter>Source Files\Game\Events</Filter>
    </ClCompile>
    <ClCompile Include="EventManager.cpp">
      <Filter>Source Files\Game\Events</Filter>
    </ClCompile>
    <ClCompile Include="Explosion.cpp">
      <Filter>Source Files\Game\Events</Filter>
    </ClCompile>
    <ClCompile Include="Flame.cpp">
      <Filter>Source Files\Game\Projectiles</Filter>
    </ClCompile>
    <ClCompile Include="Flamethrower.cpp">
      <Filter>Source Files\Game\Weapons</Filter>
    </ClCompile>
    <ClCompile Include="Beam.cpp">
      <Filter>Source Files\Game\Projectiles</Filter>
    </ClCompile>
    <ClCompile Include="Laser.cpp">
      <Filter>Source Files\Game\Weapons</Filter>
    </ClCompile>
  </ItemGroup>
  <ItemGroup>
    <ClInclude Include="MathHelper.h">
      <Filter>Header Files\Engine</Filter>
    </ClInclude>
    <ClInclude Include="Timer.h">
      <Filter>Header Files\Engine</Filter>
    </ClInclude>
    <ClInclude Include="AnimatedTexture.h">
      <Filter>Header Files\Engine\Entities</Filter>
    </ClInclude>
    <ClInclude Include="AssetManager.h">
      <Filter>Header Files\Engine\Managers</Filter>
    </ClInclude>
    <ClInclude Include="AudioManager.h">
      <Filter>Header Files\Engine\Managers</Filter>
    </ClInclude>
    <ClInclude Include="GameEntity.h">
      <Filter>Header Files\Engine\Entities</Filter>
    </ClInclude>
    <ClInclude Include="GameManager.h">
      <Filter>Header Files\Engine\Managers</Filter>
    </ClInclude>
    <ClInclude Include="Graphics.h">
      <Filter>Header Files\Engine\Managers</Filter>
    </ClInclude>
    <ClInclude Include="InputManager.h">
      <Filter>Header Files\Engine\Managers</Filter>
    </ClInclude>
    <ClInclude Include="ScreenManager.h">
      <Filter>Header Files\Engine\Managers</Filter>
    </ClInclude>
    <ClInclude Include="Texture.h">
      <Filter>Header Files\Engine\Entities</Filter>
    </ClInclude>
    <ClInclude Include="Gun.h">
      <Filter>Header Files\Game\Weapons</Filter>
    </ClInclude>
    <ClInclude Include="Weapon.h">
      <Filter>Header Files\Game\Weapons</Filter>
    </ClInclude>
    <ClInclude Include="Level.h">
      <Filter>Header Files\Game\Level</Filter>
    </ClInclude>
    <ClInclude Include="Background.h">
      <Filter>Header Files\Game\Level</Filter>
    </ClInclude>
    <ClInclude Include="Player.h">
      <Filter>Header Files\Game\Actors</Filter>
    </ClInclude>
    <ClInclude Include="Foreground.h">
      <Filter>Header Files\Game\Level</Filter>
    </ClInclude>
    <ClInclude Include="Interface.h">
      <Filter>Header Files\Game\Level</Filter>
    </ClInclude>
    <ClInclude Include="PlayScreen.h">
      <Filter>Header Files\Game\Screens</Filter>
    </ClInclude>
    <ClInclude Include="StartScreen.h">
      <Filter>Header Files\Game\Screens</Filter>
    </ClInclude>
    <ClInclude Include="FireBall.h">
      <Filter>Header Files\Game\Attacks</Filter>
    </ClInclude>
    <ClInclude Include="Spell.h">
      <Filter>Header Files\Game\Attacks</Filter>
    </ClInclude>
    <ClInclude Include="Icicle.h">
      <Filter>Header Files\Game\Attacks</Filter>
    </ClInclude>
    <ClInclude Include="Minion.h">
      <Filter>Header Files\Game\Actors</Filter>
    </ClInclude>
    <ClInclude Include="MinionAttack.h">
      <Filter>Header Files\Game\Attacks</Filter>
    </ClInclude>
    <ClInclude Include="BoxCollider.h">
      <Filter>Header Files\Physics</Filter>
    </ClInclude>
    <ClInclude Include="CircleCollider.h">
      <Filter>Header Files\Physics</Filter>
    </ClInclude>
    <ClInclude Include="Collider.h">
      <Filter>Header Files\Physics</Filter>
    </ClInclude>
    <ClInclude Include="PhysEntity.h">
      <Filter>Header Files\Physics</Filter>
    </ClInclude>
    <ClInclude Include="PhysicsHelper.h">
      <Filter>Header Files\Physics</Filter>
    </ClInclude>
    <ClInclude Include="PhysicsManager.h">
      <Filter>Header Files\Physics</Filter>
    </ClInclude>
    <ClInclude Include="Actor.h">
      <Filter>Header Files\Game\Actors</Filter>
    </ClInclude>
    <ClInclude Include="Map.h">
      <Filter>Header Files\Game\Level\Stages</Filter>
    </ClInclude>
    <ClInclude Include="Tile.h">
      <Filter>Header Files\Game\Level\Stages</Filter>
    </ClInclude>
    <ClInclude Include="Boss.h">
      <Filter>Header Files\Game\Actors\Bosses</Filter>
    </ClInclude>
    <ClInclude Include="TwinDragon.h">
      <Filter>Header Files\Game\Actors\Bosses</Filter>
    </ClInclude>
    <ClInclude Include="Demon.h">
      <Filter>Header Files\Game\Actors\Bosses</Filter>
    </ClInclude>
    <ClInclude Include="DemonStage.h">
      <Filter>Header Files\Game\Level\Stages</Filter>
    </ClInclude>
    <ClInclude Include="DragonStage.h">
      <Filter>Header Files\Game\Level\Stages</Filter>
    </ClInclude>
    <ClInclude Include="DragonBreath.h">
      <Filter>Header Files\Game\Attacks</Filter>
    </ClInclude>
    <ClInclude Include="SettingScreen.h">
      <Filter>Header Files\Game\Screens</Filter>
    </ClInclude>
    <ClInclude Include="Launcher.h">
      <Filter>Header Files\Game\Weapons</Filter>
    </ClInclude>
    <ClInclude Include="Projectile.h">
      <Filter>Header Files\Game\Projectiles</Filter>
    </ClInclude>
    <ClInclude Include="Grenade.h">
      <Filter>Header Files\Game\Projectiles</Filter>
    </ClInclude>
    <ClInclude Include="Bullet.h">
      <Filter>Header Files\Game\Projectiles</Filter>
    </ClInclude>
    <ClInclude Include="ProjectileManager.h">
      <Filter>Header Files\Game\Projectiles</Filter>
    </ClInclude>
    <ClInclude Include="Event.h">
      <Filter>Header Files\Game\Events</Filter>
    </ClInclude>
    <ClInclude Include="EventManager.h">
      <Filter>Header Files\Game\Events</Filter>
    </ClInclude>
    <ClInclude Include="Explosion.h">
      <Filter>Header Files\Game\Events</Filter>
    </ClInclude>
    <ClInclude Include="Flame.h">
      <Filter>Header Files\Game\Projectiles</Filter>
    </ClInclude>
    <ClInclude Include="Flamethrower.h">
      <Filter>Header Files\Game\Weapons</Filter>
    </ClInclude>
    <ClInclude Include="Beam.h">
      <Filter>Header Files\Game\Projectiles</Filter>
    </ClInclude>
    <ClInclude Include="Laser.h">
      <Filter>Header Files\Game\Weapons</Filter>
    </ClInclude>
  </ItemGroup>
</Project>